# This file is autogenerated, do not edit; changes may be undone by the next 'dep ensure'.


[[projects]]
  branch = "master"
  digest = "1:6612eb1274ab6f9c297edd6a621689a18bc5da5e9f4a0e2caaf47c1d41d61671"
  name = "golang.org/x/tools"
  packages = [
    "container/intsets",
    "go/ast/astutil",
    "go/buildutil",
    "go/callgraph",
    "go/gcexportdata",
    "go/internal/cgo",
    "go/internal/gcimporter",
    "go/internal/packagesdriver",
    "go/loader",
    "go/packages",
    "go/pointer",
    "go/ssa",
    "go/ssa/ssautil",
    "go/types/typeutil",
    "internal/fastwalk",
    "internal/gopathwalk",
    "internal/semver",
  ]
  pruneopts = "UT"
  revision = "521d6ed310dd2348b2d3c64b91c55df233c52860"

[solve-meta]
  analyzer-name = "dep"
  analyzer-version = 1
  input-imports = [
    "golang.org/x/tools/go/callgraph",
    "golang.org/x/tools/go/loader",
    "golang.org/x/tools/go/pointer",
    "golang.org/x/tools/go/ssa",
    "golang.org/x/tools/go/ssa/ssautil",
  ]
  solver-name = "gps-cdcl"
  solver-version = 1
